
Microsoft Visual Studio Solution File, Format Version 12.00
# Visual Studio Version 17
VisualStudioVersion = 17.0.31903.59
MinimumVisualStudioVersion = 10.0.40219.1
Project("{9A19103F-16F7-4668-BE54-9A1E7A4F7556}") = "Web_Api_CRUD", "API\Web_Api_CRUD.csproj", "{43DB2015-5247-4BC7-B181-D3E07DFE76B4}"
EndProject
Project("{9A19103F-16F7-4668-BE54-9A1E7A4F7556}") = "TEST", "TEST\TEST.csproj", "{21A57F3B-780A-417E-A769-26EF5B9076FB}"
EndProject
Project("{E53339B2-1760-4266-BCC7-CA923CBCF16C}") = "docker-compose", "docker-compose.dcproj", "{F33E7F66-713F-4876-9132-9C916C8DFC95}"
EndProject
Global
	GlobalSection(SolutionConfigurationPlatforms) = preSolution
		Debug|Any CPU = Debug|Any CPU
		Release|Any CPU = Release|Any CPU
	EndGlobalSection
	GlobalSection(ProjectConfigurationPlatforms) = postSolution
		{43DB2015-5247-4BC7-B181-D3E07DFE76B4}.Debug|Any CPU.ActiveCfg = Debug|Any CPU
		{43DB2015-5247-4BC7-B181-D3E07DFE76B4}.Debug|Any CPU.Build.0 = Debug|Any CPU
		{43DB2015-5247-4BC7-B181-D3E07DFE76B4}.Release|Any CPU.ActiveCfg = Release|Any CPU
		{43DB2015-5247-4BC7-B181-D3E07DFE76B4}.Release|Any CPU.Build.0 = Release|Any CPU
		{21A57F3B-780A-417E-A769-26EF5B9076FB}.Debug|Any CPU.ActiveCfg = Debug|Any CPU
		{21A57F3B-780A-417E-A769-26EF5B9076FB}.Debug|Any CPU.Build.0 = Debug|Any CPU
		{21A57F3B-780A-417E-A769-26EF5B9076FB}.Release|Any CPU.ActiveCfg = Release|Any CPU
		{21A57F3B-780A-417E-A769-26EF5B9076FB}.Release|Any CPU.Build.0 = Release|Any CPU
		{F33E7F66-713F-4876-9132-9C916C8DFC95}.Debug|Any CPU.ActiveCfg = Debug|Any CPU
		{F33E7F66-713F-4876-9132-9C916C8DFC95}.Debug|Any CPU.Build.0 = Debug|Any CPU
		{F33E7F66-713F-4876-9132-9C916C8DFC95}.Release|Any CPU.ActiveCfg = Release|Any CPU
		{F33E7F66-713F-4876-9132-9C916C8DFC95}.Release|Any CPU.Build.0 = Release|Any CPU
	EndGlobalSection
	GlobalSection(SolutionProperties) = preSolution
		HideSolutionNode = FALSE
	EndGlobalSection
EndGlobal
